// !$*UTF8*$!
{
	archiveVersion = 1;
	classes = {
	};
	objectVersion = 48;
	objects = {

/* Begin PBXBuildFile section */
		EA057C21204638FC00FC0BBD /* AppDelegate.swift in Sources */ = {isa = PBXBuildFile; fileRef = EA057C20204638FC00FC0BBD /* AppDelegate.swift */; };
		EA057C23204638FC00FC0BBD /* BusinessSearchViewController.swift in Sources */ = {isa = PBXBuildFile; fileRef = EA057C22204638FC00FC0BBD /* BusinessSearchViewController.swift */; };
		EA057C26204638FC00FC0BBD /* Main.storyboard in Resources */ = {isa = PBXBuildFile; fileRef = EA057C24204638FC00FC0BBD /* Main.storyboard */; };
		EA057C28204638FC00FC0BBD /* Assets.xcassets in Resources */ = {isa = PBXBuildFile; fileRef = EA057C27204638FC00FC0BBD /* Assets.xcassets */; };
		EA057C2B204638FC00FC0BBD /* LaunchScreen.storyboard in Resources */ = {isa = PBXBuildFile; fileRef = EA057C29204638FC00FC0BBD /* LaunchScreen.storyboard */; };
		EA057C3720463ACA00FC0BBD /* Config.plist in Resources */ = {isa = PBXBuildFile; fileRef = EA057C3620463ACA00FC0BBD /* Config.plist */; };
		EA057C3A20463D4800FC0BBD /* Resource.swift in Sources */ = {isa = PBXBuildFile; fileRef = EA057C3920463D4800FC0BBD /* Resource.swift */; };
		EA057C3C20463DCB00FC0BBD /* YelpClient.swift in Sources */ = {isa = PBXBuildFile; fileRef = EA057C3B20463DCB00FC0BBD /* YelpClient.swift */; };
		EA057C3E2046418700FC0BBD /* Business.swift in Sources */ = {isa = PBXBuildFile; fileRef = EA057C3D2046418700FC0BBD /* Business.swift */; };
		EA057C402046442300FC0BBD /* BusinessSearchResult.swift in Sources */ = {isa = PBXBuildFile; fileRef = EA057C3F2046442300FC0BBD /* BusinessSearchResult.swift */; };
		EA057C422046465F00FC0BBD /* Constants.swift in Sources */ = {isa = PBXBuildFile; fileRef = EA057C412046465F00FC0BBD /* Constants.swift */; };
		EA057C4420464A2000FC0BBD /* BusinessSearchViewModel.swift in Sources */ = {isa = PBXBuildFile; fileRef = EA057C4320464A2000FC0BBD /* BusinessSearchViewModel.swift */; };
		EA057C472046578F00FC0BBD /* FileStorage.swift in Sources */ = {isa = PBXBuildFile; fileRef = EA057C462046578F00FC0BBD /* FileStorage.swift */; };
		EA057C4920465A2400FC0BBD /* YelpCacheClient.swift in Sources */ = {isa = PBXBuildFile; fileRef = EA057C4820465A2400FC0BBD /* YelpCacheClient.swift */; };
		EA057C4C20467AE400FC0BBD /* LocationService.swift in Sources */ = {isa = PBXBuildFile; fileRef = EA057C4B20467AE400FC0BBD /* LocationService.swift */; };
		EA057C4F2046967400FC0BBD /* UIImage.swift in Sources */ = {isa = PBXBuildFile; fileRef = EA057C4E2046967400FC0BBD /* UIImage.swift */; };
		EA057C51204697D500FC0BBD /* BusinessCollectionViewCell.swift in Sources */ = {isa = PBXBuildFile; fileRef = EA057C50204697D500FC0BBD /* BusinessCollectionViewCell.swift */; };
		EA77752B2047BFAA00C630A2 /* TermSearchViewController.swift in Sources */ = {isa = PBXBuildFile; fileRef = EA77752A2047BFAA00C630A2 /* TermSearchViewController.swift */; };
		EA77752D2047C49200C630A2 /* TermSearchViewModel.swift in Sources */ = {isa = PBXBuildFile; fileRef = EA77752C2047C49200C630A2 /* TermSearchViewModel.swift */; };
/* End PBXBuildFile section */

/* Begin PBXFileReference section */
		EA057C1D204638FC00FC0BBD /* YelpFusionSearch.app */ = {isa = PBXFileReference; explicitFileType = wrapper.application; includeInIndex = 0; path = YelpFusionSearch.app; sourceTree = BUILT_PRODUCTS_DIR; };
		EA057C20204638FC00FC0BBD /* AppDelegate.swift */ = {isa = PBXFileReference; lastKnownFileType = sourcecode.swift; path = AppDelegate.swift; sourceTree = "<group>"; };
		EA057C22204638FC00FC0BBD /* BusinessSearchViewController.swift */ = {isa = PBXFileReference; lastKnownFileType = sourcecode.swift; path = BusinessSearchViewController.swift; sourceTree = "<group>"; };
		EA057C25204638FC00FC0BBD /* Base */ = {isa = PBXFileReference; lastKnownFileType = file.storyboard; name = Base; path = Base.lproj/Main.storyboard; sourceTree = "<group>"; };
		EA057C27204638FC00FC0BBD /* Assets.xcassets */ = {isa = PBXFileReference; lastKnownFileType = folder.assetcatalog; path = Assets.xcassets; sourceTree = "<group>"; };
		EA057C2A204638FC00FC0BBD /* Base */ = {isa = PBXFileReference; lastKnownFileType = file.storyboard; name = Base; path = Base.lproj/LaunchScreen.storyboard; sourceTree = "<group>"; };
		EA057C2C204638FC00FC0BBD /* Info.plist */ = {isa = PBXFileReference; lastKnownFileType = text.plist.xml; path = Info.plist; sourceTree = "<group>"; };
		EA057C3620463ACA00FC0BBD /* Config.plist */ = {isa = PBXFileReference; lastKnownFileType = text.plist.xml; path = Config.plist; sourceTree = "<group>"; };
		EA057C3920463D4800FC0BBD /* Resource.swift */ = {isa = PBXFileReference; lastKnownFileType = sourcecode.swift; path = Resource.swift; sourceTree = "<group>"; };
		EA057C3B20463DCB00FC0BBD /* YelpClient.swift */ = {isa = PBXFileReference; lastKnownFileType = sourcecode.swift; path = YelpClient.swift; sourceTree = "<group>"; };
		EA057C3D2046418700FC0BBD /* Business.swift */ = {isa = PBXFileReference; lastKnownFileType = sourcecode.swift; path = Business.swift; sourceTree = "<group>"; };
		EA057C3F2046442300FC0BBD /* BusinessSearchResult.swift */ = {isa = PBXFileReference; lastKnownFileType = sourcecode.swift; path = BusinessSearchResult.swift; sourceTree = "<group>"; };
		EA057C412046465F00FC0BBD /* Constants.swift */ = {isa = PBXFileReference; lastKnownFileType = sourcecode.swift; path = Constants.swift; sourceTree = "<group>"; };
		EA057C4320464A2000FC0BBD /* BusinessSearchViewModel.swift */ = {isa = PBXFileReference; lastKnownFileType = sourcecode.swift; path = BusinessSearchViewModel.swift; sourceTree = "<group>"; };
		EA057C462046578F00FC0BBD /* FileStorage.swift */ = {isa = PBXFileReference; lastKnownFileType = sourcecode.swift; path = FileStorage.swift; sourceTree = "<group>"; };
		EA057C4820465A2400FC0BBD /* YelpCacheClient.swift */ = {isa = PBXFileReference; lastKnownFileType = sourcecode.swift; path = YelpCacheClient.swift; sourceTree = "<group>"; };
		EA057C4B20467AE400FC0BBD /* LocationService.swift */ = {isa = PBXFileReference; lastKnownFileType = sourcecode.swift; path = LocationService.swift; sourceTree = "<group>"; };
		EA057C4E2046967400FC0BBD /* UIImage.swift */ = {isa = PBXFileReference; lastKnownFileType = sourcecode.swift; path = UIImage.swift; sourceTree = "<group>"; };
		EA057C50204697D500FC0BBD /* BusinessCollectionViewCell.swift */ = {isa = PBXFileReference; lastKnownFileType = sourcecode.swift; path = BusinessCollectionViewCell.swift; sourceTree = "<group>"; };
		EA77752A2047BFAA00C630A2 /* TermSearchViewController.swift */ = {isa = PBXFileReference; lastKnownFileType = sourcecode.swift; path = TermSearchViewController.swift; sourceTree = "<group>"; };
		EA77752C2047C49200C630A2 /* TermSearchViewModel.swift */ = {isa = PBXFileReference; lastKnownFileType = sourcecode.swift; path = TermSearchViewModel.swift; sourceTree = "<group>"; };
/* End PBXFileReference section */

/* Begin PBXFrameworksBuildPhase section */
		EA057C1A204638FC00FC0BBD /* Frameworks */ = {
			isa = PBXFrameworksBuildPhase;
			buildActionMask = 2147483647;
			files = (
			);
			runOnlyForDeploymentPostprocessing = 0;
		};
/* End PBXFrameworksBuildPhase section */

/* Begin PBXGroup section */
		EA057C14204638FC00FC0BBD = {
			isa = PBXGroup;
			children = (
				EA057C1F204638FC00FC0BBD /* YelpFusionSearch */,
				EA057C1E204638FC00FC0BBD /* Products */,
			);
			sourceTree = "<group>";
		};
		EA057C1E204638FC00FC0BBD /* Products */ = {
			isa = PBXGroup;
			children = (
				EA057C1D204638FC00FC0BBD /* YelpFusionSearch.app */,
			);
			name = Products;
			sourceTree = "<group>";
		};
		EA057C1F204638FC00FC0BBD /* YelpFusionSearch */ = {
			isa = PBXGroup;
			children = (
				EA057C4D2046966500FC0BBD /* Extensions */,
				EA057C4A20467AD600FC0BBD /* Location */,
				EA057C452046576C00FC0BBD /* Storage */,
				EA057C3820463CD200FC0BBD /* Networking */,
				EA057C35204639FC00FC0BBD /* ViewModels */,
				EA057C34204639F500FC0BBD /* Views */,
				EA057C33204639EC00FC0BBD /* Controllers */,
				EA057C32204639E500FC0BBD /* Models */,
				EA057C412046465F00FC0BBD /* Constants.swift */,
				EA057C20204638FC00FC0BBD /* AppDelegate.swift */,
				EA057C27204638FC00FC0BBD /* Assets.xcassets */,
				EA057C29204638FC00FC0BBD /* LaunchScreen.storyboard */,
				EA057C2C204638FC00FC0BBD /* Info.plist */,
				EA057C3620463ACA00FC0BBD /* Config.plist */,
			);
			path = YelpFusionSearch;
			sourceTree = "<group>";
		};
		EA057C32204639E500FC0BBD /* Models */ = {
			isa = PBXGroup;
			children = (
				EA057C3F2046442300FC0BBD /* BusinessSearchResult.swift */,
				EA057C3D2046418700FC0BBD /* Business.swift */,
			);
			path = Models;
			sourceTree = "<group>";
		};
		EA057C33204639EC00FC0BBD /* Controllers */ = {
			isa = PBXGroup;
			children = (
				EA77752A2047BFAA00C630A2 /* TermSearchViewController.swift */,
				EA057C22204638FC00FC0BBD /* BusinessSearchViewController.swift */,
			);
			path = Controllers;
			sourceTree = "<group>";
		};
		EA057C34204639F500FC0BBD /* Views */ = {
			isa = PBXGroup;
			children = (
				EA057C24204638FC00FC0BBD /* Main.storyboard */,
				EA057C50204697D500FC0BBD /* BusinessCollectionViewCell.swift */,
			);
			path = Views;
			sourceTree = "<group>";
		};
		EA057C35204639FC00FC0BBD /* ViewModels */ = {
			isa = PBXGroup;
			children = (
				EA77752C2047C49200C630A2 /* TermSearchViewModel.swift */,
				EA057C4320464A2000FC0BBD /* BusinessSearchViewModel.swift */,
			);
			path = ViewModels;
			sourceTree = "<group>";
		};
		EA057C3820463CD200FC0BBD /* Networking */ = {
			isa = PBXGroup;
			children = (
				EA057C3920463D4800FC0BBD /* Resource.swift */,
				EA057C3B20463DCB00FC0BBD /* YelpClient.swift */,
				EA057C4820465A2400FC0BBD /* YelpCacheClient.swift */,
			);
			path = Networking;
			sourceTree = "<group>";
		};
		EA057C452046576C00FC0BBD /* Storage */ = {
			isa = PBXGroup;
			children = (
				EA057C462046578F00FC0BBD /* FileStorage.swift */,
			);
			path = Storage;
			sourceTree = "<group>";
		};
		EA057C4A20467AD600FC0BBD /* Location */ = {
			isa = PBXGroup;
			children = (
				EA057C4B20467AE400FC0BBD /* LocationService.swift */,
			);
			path = Location;
			sourceTree = "<group>";
		};
		EA057C4D2046966500FC0BBD /* Extensions */ = {
			isa = PBXGroup;
			children = (
				EA057C4E2046967400FC0BBD /* UIImage.swift */,
			);
			name = Extensions;
			sourceTree = "<group>";
		};
/* End PBXGroup section */

/* Begin PBXNativeTarget section */
		EA057C1C204638FC00FC0BBD /* YelpFusionSearch */ = {
			isa = PBXNativeTarget;
			buildConfigurationList = EA057C2F204638FC00FC0BBD /* Build configuration list for PBXNativeTarget "YelpFusionSearch" */;
			buildPhases = (
				EA057C19204638FC00FC0BBD /* Sources */,
				EA057C1A204638FC00FC0BBD /* Frameworks */,
				EA057C1B204638FC00FC0BBD /* Resources */,
			);
			buildRules = (
			);
			dependencies = (
			);
			name = YelpFusionSearch;
			productName = YelpFusionSearch;
			productReference = EA057C1D204638FC00FC0BBD /* YelpFusionSearch.app */;
			productType = "com.apple.product-type.application";
		};
/* End PBXNativeTarget section */

/* Begin PBXProject section */
		EA057C15204638FC00FC0BBD /* Project object */ = {
			isa = PBXProject;
			attributes = {
				LastSwiftUpdateCheck = 0920;
				LastUpgradeCheck = 0920;
				ORGANIZATIONNAME = "Mark Jackson";
				TargetAttributes = {
					EA057C1C204638FC00FC0BBD = {
						CreatedOnToolsVersion = 9.2;
						ProvisioningStyle = Automatic;
					};
				};
			};
			buildConfigurationList = EA057C18204638FC00FC0BBD /* Build configuration list for PBXProject "YelpFusionSearch" */;
			compatibilityVersion = "Xcode 8.0";
			developmentRegion = en;
			hasScannedForEncodings = 0;
			knownRegions = (
				en,
				Base,
			);
			mainGroup = EA057C14204638FC00FC0BBD;
			productRefGroup = EA057C1E204638FC00FC0BBD /* Products */;
			projectDirPath = "";
			projectRoot = "";
			targets = (
				EA057C1C204638FC00FC0BBD /* YelpFusionSearch */,
			);
		};
/* End PBXProject section */

/* Begin PBXResourcesBuildPhase section */
		EA057C1B204638FC00FC0BBD /* Resources */ = {
			isa = PBXResourcesBuildPhase;
			buildActionMask = 2147483647;
			files = (
				EA057C3720463ACA00FC0BBD /* Config.plist in Resources */,
				EA057C2B204638FC00FC0BBD /* LaunchScreen.storyboard in Resources */,
				EA057C28204638FC00FC0BBD /* Assets.xcassets in Resources */,
				EA057C26204638FC00FC0BBD /* Main.storyboard in Resources */,
			);
			runOnlyForDeploymentPostprocessing = 0;
		};
/* End PBXResourcesBuildPhase section */

/* Begin PBXSourcesBuildPhase section */
		EA057C19204638FC00FC0BBD /* Sources */ = {
			isa = PBXSourcesBuildPhase;
			buildActionMask = 2147483647;
			files = (
				EA057C3C20463DCB00FC0BBD /* YelpClient.swift in Sources */,
				EA057C3A20463D4800FC0BBD /* Resource.swift in Sources */,
				EA057C402046442300FC0BBD /* BusinessSearchResult.swift in Sources */,
				EA057C4C20467AE400FC0BBD /* LocationService.swift in Sources */,
				EA77752B2047BFAA00C630A2 /* TermSearchViewController.swift in Sources */,
				EA77752D2047C49200C630A2 /* TermSearchViewModel.swift in Sources */,
				EA057C23204638FC00FC0BBD /* BusinessSearchViewController.swift in Sources */,
				EA057C422046465F00FC0BBD /* Constants.swift in Sources */,
				EA057C3E2046418700FC0BBD /* Business.swift in Sources */,
				EA057C4420464A2000FC0BBD /* BusinessSearchViewModel.swift in Sources */,
				EA057C51204697D500FC0BBD /* BusinessCollectionViewCell.swift in Sources */,
				EA057C4920465A2400FC0BBD /* YelpCacheClient.swift in Sources */,
				EA057C4F2046967400FC0BBD /* UIImage.swift in Sources */,
				EA057C21204638FC00FC0BBD /* AppDelegate.swift in Sources */,
				EA057C472046578F00FC0BBD /* FileStorage.swift in Sources */,
			);
			runOnlyForDeploymentPostprocessing = 0;
		};
/* End PBXSourcesBuildPhase section */

/* Begin PBXVariantGroup section */
		EA057C24204638FC00FC0BBD /* Main.storyboard */ = {
			isa = PBXVariantGroup;
			children = (
				EA057C25204638FC00FC0BBD /* Base */,
			);
			name = Main.storyboard;
			sourceTree = "<group>";
		};
		EA057C29204638FC00FC0BBD /* LaunchScreen.storyboard */ = {
			isa = PBXVariantGroup;
			children = (
				EA057C2A204638FC00FC0BBD /* Base */,
			);
			name = LaunchScreen.storyboard;
			sourceTree = "<group>";
		};
/* End PBXVariantGroup section */

/* Begin XCBuildConfiguration section */
		EA057C2D204638FC00FC0BBD /* Debug */ = {
			isa = XCBuildConfiguration;
			buildSettings = {
				ALWAYS_SEARCH_USER_PATHS = NO;
				CLANG_ANALYZER_NONNULL = YES;
				CLANG_ANALYZER_NUMBER_OBJECT_CONVERSION = YES_AGGRESSIVE;
				CLANG_CXX_LANGUAGE_STANDARD = "gnu++14";
				CLANG_CXX_LIBRARY = "libc++";
				CLANG_ENABLE_MODULES = YES;
				CLANG_ENABLE_OBJC_ARC = YES;
				CLANG_WARN_BLOCK_CAPTURE_AUTORELEASING = YES;
				CLANG_WARN_BOOL_CONVERSION = YES;
				CLANG_WARN_COMMA = YES;
				CLANG_WARN_CONSTANT_CONVERSION = YES;
				CLANG_WARN_DIRECT_OBJC_ISA_USAGE = YES_ERROR;
				CLANG_WARN_DOCUMENTATION_COMMENTS = YES;
				CLANG_WARN_EMPTY_BODY = YES;
				CLANG_WARN_ENUM_CONVERSION = YES;
				CLANG_WARN_INFINITE_RECURSION = YES;
				CLANG_WARN_INT_CONVERSION = YES;
				CLANG_WARN_NON_LITERAL_NULL_CONVERSION = YES;
				CLANG_WARN_OBJC_LITERAL_CONVERSION = YES;
				CLANG_WARN_OBJC_ROOT_CLASS = YES_ERROR;
				CLANG_WARN_RANGE_LOOP_ANALYSIS = YES;
				CLANG_WARN_STRICT_PROTOTYPES = YES;
				CLANG_WARN_SUSPICIOUS_MOVE = YES;
				CLANG_WARN_UNGUARDED_AVAILABILITY = YES_AGGRESSIVE;
				CLANG_WARN_UNREACHABLE_CODE = YES;
				CLANG_WARN__DUPLICATE_METHOD_MATCH = YES;
				CODE_SIGN_IDENTITY = "iPhone Developer";
				COPY_PHASE_STRIP = NO;
				DEBUG_INFORMATION_FORMAT = dwarf;
				ENABLE_STRICT_OBJC_MSGSEND = YES;
				ENABLE_TESTABILITY = YES;
				GCC_C_LANGUAGE_STANDARD = gnu11;
				GCC_DYNAMIC_NO_PIC = NO;
				GCC_NO_COMMON_BLOCKS = YES;
				GCC_OPTIMIZATION_LEVEL = 0;
				GCC_PREPROCESSOR_DEFINITIONS = (
					"DEBUG=1",
					"$(inherited)",
				);
				GCC_WARN_64_TO_32_BIT_CONVERSION = YES;
				GCC_WARN_ABOUT_RETURN_TYPE = YES_ERROR;
				GCC_WARN_UNDECLARED_SELECTOR = YES;
				GCC_WARN_UNINITIALIZED_AUTOS = YES_AGGRESSIVE;
				GCC_WARN_UNUSED_FUNCTION = YES;
				GCC_WARN_UNUSED_VARIABLE = YES;
				IPHONEOS_DEPLOYMENT_TARGET = 11.2;
				MTL_ENABLE_DEBUG_INFO = YES;
				ONLY_ACTIVE_ARCH = YES;
				SDKROOT = iphoneos;
				SWIFT_ACTIVE_COMPILATION_CONDITIONS = DEBUG;
				SWIFT_OPTIMIZATION_LEVEL = "-Onone";
			};
			name = Debug;
		};
		EA057C2E204638FC00FC0BBD /* Release */ = {
			isa = XCBuildConfiguration;
			buildSettings = {
				ALWAYS_SEARCH_USER_PATHS = NO;
				CLANG_ANALYZER_NONNULL = YES;
				CLANG_ANALYZER_NUMBER_OBJECT_CONVERSION = YES_AGGRESSIVE;
				CLANG_CXX_LANGUAGE_STANDARD = "gnu++14";
				CLANG_CXX_LIBRARY = "libc++";
				CLANG_ENABLE_MODULES = YES;
				CLANG_ENABLE_OBJC_ARC = YES;
				CLANG_WARN_BLOCK_CAPTURE_AUTORELEASING = YES;
				CLANG_WARN_BOOL_CONVERSION = YES;
				CLANG_WARN_COMMA = YES;
				CLANG_WARN_CONSTANT_CONVERSION = YES;
				CLANG_WARN_DIRECT_OBJC_ISA_USAGE = YES_ERROR;
				CLANG_WARN_DOCUMENTATION_COMMENTS = YES;
				CLANG_WARN_EMPTY_BODY = YES;
				CLANG_WARN_ENUM_CONVERSION = YES;
				CLANG_WARN_INFINITE_RECURSION = YES;
				CLANG_WARN_INT_CONVERSION = YES;
				CLANG_WARN_NON_LITERAL_NULL_CONVERSION = YES;
				CLANG_WARN_OBJC_LITERAL_CONVERSION = YES;
				CLANG_WARN_OBJC_ROOT_CLASS = YES_ERROR;
				CLANG_WARN_RANGE_LOOP_ANALYSIS = YES;
				CLANG_WARN_STRICT_PROTOTYPES = YES;
				CLANG_WARN_SUSPICIOUS_MOVE = YES;
				CLANG_WARN_UNGUARDED_AVAILABILITY = YES_AGGRESSIVE;
				CLANG_WARN_UNREACHABLE_CODE = YES;
				CLANG_WARN__DUPLICATE_METHOD_MATCH = YES;
				CODE_SIGN_IDENTITY = "iPhone Developer";
				COPY_PHASE_STRIP = NO;
				DEBUG_INFORMATION_FORMAT = "dwarf-with-dsym";
				ENABLE_NS_ASSERTIONS = NO;
				ENABLE_STRICT_OBJC_MSGSEND = YES;
				GCC_C_LANGUAGE_STANDARD = gnu11;
				GCC_NO_COMMON_BLOCKS = YES;
				GCC_WARN_64_TO_32_BIT_CONVERSION = YES;
				GCC_WARN_ABOUT_RETURN_TYPE = YES_ERROR;
				GCC_WARN_UNDECLARED_SELECTOR = YES;
				GCC_WARN_UNINITIALIZED_AUTOS = YES_AGGRESSIVE;
				GCC_WARN_UNUSED_FUNCTION = YES;
				GCC_WARN_UNUSED_VARIABLE = YES;
				IPHONEOS_DEPLOYMENT_TARGET = 11.2;
				MTL_ENABLE_DEBUG_INFO = NO;
				SDKROOT = iphoneos;
				SWIFT_OPTIMIZATION_LEVEL = "-Owholemodule";
				VALIDATE_PRODUCT = YES;
			};
			name = Release;
		};
		EA057C30204638FC00FC0BBD /* Debug */ = {
			isa = XCBuildConfiguration;
			buildSettings = {
				ASSETCATALOG_COMPILER_APPICON_NAME = AppIcon;
				CODE_SIGN_STYLE = Automatic;
				DEVELOPMENT_TEAM = 23KKLX956K;
				INFOPLIST_FILE = "$(SRCROOT)/YelpFusionSearch/Info.plist";
				LD_RUNPATH_SEARCH_PATHS = "$(inherited) @executable_path/Frameworks";
				PRODUCT_BUNDLE_IDENTIFIER = com.jacks205.YelpFusionSearch;
				PRODUCT_NAME = "$(TARGET_NAME)";
				SWIFT_VERSION = 4.0;
				TARGETED_DEVICE_FAMILY = "1,2";
			};
			name = Debug;
		};
		EA057C31204638FC00FC0BBD /* Release */ = {
			isa = XCBuildConfiguration;
			buildSettings = {
				ASSETCATALOG_COMPILER_APPICON_NAME = AppIcon;
				CODE_SIGN_STYLE = Automatic;
				DEVELOPMENT_TEAM = 23KKLX956K;
				INFOPLIST_FILE = "$(SRCROOT)/YelpFusionSearch/Info.plist";
				LD_RUNPATH_SEARCH_PATHS = "$(inherited) @executable_path/Frameworks";
				PRODUCT_BUNDLE_IDENTIFIER = com.jacks205.YelpFusionSearch;
				PRODUCT_NAME = "$(TARGET_NAME)";
				SWIFT_VERSION = 4.0;
				TARGETED_DEVICE_FAMILY = "1,2";
			};
			name = Release;
		};
/* End XCBuildConfiguration section */

/* Begin XCConfigurationList section */
		EA057C18204638FC00FC0BBD /* Build configuration list for PBXProject "YelpFusionSearch" */ = {
			isa = XCConfigurationList;
			buildConfigurations = (
				EA057C2D204638FC00FC0BBD /* Debug */,
				EA057C2E204638FC00FC0BBD /* Release */,
			);
			defaultConfigurationIsVisible = 0;
			defaultConfigurationName = Release;
		};
		EA057C2F204638FC00FC0BBD /* Build configuration list for PBXNativeTarget "YelpFusionSearch" */ = {
			isa = XCConfigurationList;
			buildConfigurations = (
				EA057C30204638FC00FC0BBD /* Debug */,
				EA057C31204638FC00FC0BBD /* Release */,
			);
			defaultConfigurationIsVisible = 0;
			defaultConfigurationName = Release;
		};
/* End XCConfigurationList section */
	};
	rootObject = EA057C15204638FC00FC0BBD /* Project object */;
}
